// !$*UTF8*$!
{
	archiveVersion = 1;
	classes = {
	};
	objectVersion = 50;
	objects = {

/* Begin PBXBuildFile section */
		7A077541220225E400E1EDBF /* Controller.cpp in Sources */ = {isa = PBXBuildFile; fileRef = 7A07753F220225E400E1EDBF /* Controller.cpp */; };
		7A077543220225F300E1EDBF /* Runner.cpp in Sources */ = {isa = PBXBuildFile; fileRef = 7A077542220225F300E1EDBF /* Runner.cpp */; };
		7A41CACC220CC88D00488087 /* CrimeData.cpp in Sources */ = {isa = PBXBuildFile; fileRef = 7A41CACB220CC88D00488087 /* CrimeData.cpp */; };
		7A41CAD0220CC92300488087 /* Music.cpp in Sources */ = {isa = PBXBuildFile; fileRef = 7A41CACF220CC92300488087 /* Music.cpp */; };
		7A6E31C0221C8A0D00848516 /* LinearTester.cpp in Sources */ = {isa = PBXBuildFile; fileRef = 7A6E31BE221C8A0D00848516 /* LinearTester.cpp */; };
		7AE1CB49220A15EA007A26ED /* Timer.cpp in Sources */ = {isa = PBXBuildFile; fileRef = 7AE1CB47220A15EA007A26ED /* Timer.cpp */; };
		7AE1CB53220A224D007A26ED /* FileController.cpp in Sources */ = {isa = PBXBuildFile; fileRef = 7AE1CB51220A224D007A26ED /* FileController.cpp */; };
/* End PBXBuildFile section */

/* Begin PBXCopyFilesBuildPhase section */
		7A07752F2202257E00E1EDBF /* CopyFiles */ = {
			isa = PBXCopyFilesBuildPhase;
			buildActionMask = 2147483647;
			dstPath = /usr/share/man/man1/;
			dstSubfolderSpec = 0;
			files = (
			);
			runOnlyForDeploymentPostprocessing = 1;
		};
/* End PBXCopyFilesBuildPhase section */

/* Begin PBXFileReference section */
		7A0775312202257E00E1EDBF /* NodeThingy */ = {isa = PBXFileReference; explicitFileType = "compiled.mach-o.executable"; includeInIndex = 0; path = NodeThingy; sourceTree = BUILT_PRODUCTS_DIR; };
		7A07753F220225E400E1EDBF /* Controller.cpp */ = {isa = PBXFileReference; lastKnownFileType = sourcecode.cpp.cpp; path = Controller.cpp; sourceTree = "<group>"; };
		7A077540220225E400E1EDBF /* Controller.hpp */ = {isa = PBXFileReference; lastKnownFileType = sourcecode.cpp.h; path = Controller.hpp; sourceTree = "<group>"; };
		7A077542220225F300E1EDBF /* Runner.cpp */ = {isa = PBXFileReference; lastKnownFileType = sourcecode.cpp.cpp; path = Runner.cpp; sourceTree = "<group>"; };
		7A0775442202260600E1EDBF /* Node.hpp */ = {isa = PBXFileReference; lastKnownFileType = sourcecode.cpp.h; path = Node.hpp; sourceTree = "<group>"; };
		7A0775472202334B00E1EDBF /* LinearNode.hpp */ = {isa = PBXFileReference; lastKnownFileType = sourcecode.cpp.h; path = LinearNode.hpp; sourceTree = "<group>"; };
		7A07754922023A2900E1EDBF /* Array.hpp */ = {isa = PBXFileReference; lastKnownFileType = sourcecode.cpp.h; path = Array.hpp; sourceTree = "<group>"; };
		7A239B9C22149CB00058E89C /* Stack.hpp */ = {isa = PBXFileReference; lastKnownFileType = sourcecode.cpp.h; path = Stack.hpp; sourceTree = "<group>"; };
		7A41CAC9220CBA7300488087 /* List.hpp */ = {isa = PBXFileReference; lastKnownFileType = sourcecode.cpp.h; path = List.hpp; sourceTree = "<group>"; };
		7A41CACB220CC88D00488087 /* CrimeData.cpp */ = {isa = PBXFileReference; fileEncoding = 4; lastKnownFileType = sourcecode.cpp.cpp; path = CrimeData.cpp; sourceTree = "<group>"; };
		7A41CACD220CC89D00488087 /* CrimeData.hpp */ = {isa = PBXFileReference; lastKnownFileType = sourcecode.cpp.h; path = CrimeData.hpp; sourceTree = "<group>"; };
		7A41CACE220CC91900488087 /* Music.hpp */ = {isa = PBXFileReference; lastKnownFileType = sourcecode.cpp.h; path = Music.hpp; sourceTree = "<group>"; };
		7A41CACF220CC92300488087 /* Music.cpp */ = {isa = PBXFileReference; fileEncoding = 4; lastKnownFileType = sourcecode.cpp.cpp; path = Music.cpp; sourceTree = "<group>"; };
		7A6E31BE221C8A0D00848516 /* LinearTester.cpp */ = {isa = PBXFileReference; lastKnownFileType = sourcecode.cpp.cpp; path = LinearTester.cpp; sourceTree = "<group>"; };
		7A6E31BF221C8A0D00848516 /* LinearTester.hpp */ = {isa = PBXFileReference; lastKnownFileType = sourcecode.cpp.h; path = LinearTester.hpp; sourceTree = "<group>"; };
		7ABCFEB622610E2E0092E49A /* Tree.h */ = {isa = PBXFileReference; lastKnownFileType = sourcecode.c.h; path = Tree.h; sourceTree = "<group>"; };
		7ADEE4AB2211F82800899FDC /* crime.csv */ = {isa = PBXFileReference; lastKnownFileType = text; path = crime.csv; sourceTree = "<group>"; };
		7ADEE4AE2211FA3800899FDC /* LinkedList.hpp */ = {isa = PBXFileReference; lastKnownFileType = sourcecode.cpp.h; path = LinkedList.hpp; sourceTree = "<group>"; };
		7ADEE4AF2212004B00899FDC /* music.csv */ = {isa = PBXFileReference; lastKnownFileType = text; path = music.csv; sourceTree = "<group>"; };
		7ADEE4B0221212A300899FDC /* Queue.hpp */ = {isa = PBXFileReference; lastKnownFileType = sourcecode.cpp.h; path = Queue.hpp; sourceTree = "<group>"; };
		7AE1CB47220A15EA007A26ED /* Timer.cpp */ = {isa = PBXFileReference; lastKnownFileType = sourcecode.cpp.cpp; path = Timer.cpp; sourceTree = "<group>"; };
		7AE1CB48220A15EA007A26ED /* Timer.hpp */ = {isa = PBXFileReference; lastKnownFileType = sourcecode.cpp.h; path = Timer.hpp; sourceTree = "<group>"; };
		7AE1CB51220A224D007A26ED /* FileController.cpp */ = {isa = PBXFileReference; lastKnownFileType = sourcecode.cpp.cpp; path = FileController.cpp; sourceTree = "<group>"; };
		7AE1CB52220A224D007A26ED /* FileController.hpp */ = {isa = PBXFileReference; lastKnownFileType = sourcecode.cpp.h; path = FileController.hpp; sourceTree = "<group>"; };
		7AF52E03221F2906005A0AF6 /* DoubleNode.hpp */ = {isa = PBXFileReference; lastKnownFileType = sourcecode.cpp.h; path = DoubleNode.hpp; sourceTree = "<group>"; };
		7AF52E04221F2EFA005A0AF6 /* CircularList.hpp */ = {isa = PBXFileReference; lastKnownFileType = sourcecode.cpp.h; path = CircularList.hpp; sourceTree = "<group>"; };
		7AFCE1D3222DC3D50046BA8C /* Graph.hpp */ = {isa = PBXFileReference; lastKnownFileType = sourcecode.cpp.h; path = Graph.hpp; sourceTree = "<group>"; };
/* End PBXFileReference section */

/* Begin PBXFrameworksBuildPhase section */
		7A07752E2202257E00E1EDBF /* Frameworks */ = {
			isa = PBXFrameworksBuildPhase;
			buildActionMask = 2147483647;
			files = (
			);
			runOnlyForDeploymentPostprocessing = 0;
		};
/* End PBXFrameworksBuildPhase section */

/* Begin PBXGroup section */
		7A0775282202257E00E1EDBF = {
			isa = PBXGroup;
			children = (
				7A0775332202257E00E1EDBF /* NodeThingy */,
				7A0775322202257E00E1EDBF /* Products */,
			);
			sourceTree = "<group>";
		};
		7A0775322202257E00E1EDBF /* Products */ = {
			isa = PBXGroup;
			children = (
				7A0775312202257E00E1EDBF /* NodeThingy */,
			);
			name = Products;
			sourceTree = "<group>";
		};
		7A0775332202257E00E1EDBF /* NodeThingy */ = {
			isa = PBXGroup;
			children = (
				7A6E31C2221C8F0100848516 /* Resources */,
				7A6E31BD221C89C100848516 /* Tester */,
				7A07753D220225C300E1EDBF /* Diagrams */,
				7A07753C220225BC00E1EDBF /* Controller */,
				7A07753B220225B500E1EDBF /* Model */,
			);
			path = NodeThingy;
			sourceTree = "<group>";
		};
		7A07753B220225B500E1EDBF /* Model */ = {
			isa = PBXGroup;
			children = (
				7AFCE1D2222DC3390046BA8C /* Non-Linear */,
				7A6E31C1221C8ED800848516 /* Linear */,
				7A0775452202267800E1EDBF /* Nodes */,
			);
			path = Model;
			sourceTree = "<group>";
		};
		7A07753C220225BC00E1EDBF /* Controller */ = {
			isa = PBXGroup;
			children = (
				7AE1CB4A220A15FB007A26ED /* Tools */,
				7A07753F220225E400E1EDBF /* Controller.cpp */,
				7A077540220225E400E1EDBF /* Controller.hpp */,
				7A077542220225F300E1EDBF /* Runner.cpp */,
				7AE1CB51220A224D007A26ED /* FileController.cpp */,
				7AE1CB52220A224D007A26ED /* FileController.hpp */,
			);
			path = Controller;
			sourceTree = "<group>";
		};
		7A07753D220225C300E1EDBF /* Diagrams */ = {
			isa = PBXGroup;
			children = (
			);
			path = Diagrams;
			sourceTree = "<group>";
		};
		7A0775452202267800E1EDBF /* Nodes */ = {
			isa = PBXGroup;
			children = (
				7ABCFEB622610E2E0092E49A /* Tree.h */,
				7A0775442202260600E1EDBF /* Node.hpp */,
				7A0775472202334B00E1EDBF /* LinearNode.hpp */,
				7AF52E03221F2906005A0AF6 /* DoubleNode.hpp */,
				7AF52E04221F2EFA005A0AF6 /* CircularList.hpp */,
			);
			path = Nodes;
			sourceTree = "<group>";
		};
		7A6E31BD221C89C100848516 /* Tester */ = {
			isa = PBXGroup;
			children = (
				7A6E31BE221C8A0D00848516 /* LinearTester.cpp */,
				7A6E31BF221C8A0D00848516 /* LinearTester.hpp */,
			);
			path = Tester;
			sourceTree = "<group>";
		};
		7A6E31C1221C8ED800848516 /* Linear */ = {
			isa = PBXGroup;
			children = (
				7A07754922023A2900E1EDBF /* Array.hpp */,
				7A41CAC9220CBA7300488087 /* List.hpp */,
				7ADEE4AE2211FA3800899FDC /* LinkedList.hpp */,
				7ADEE4B0221212A300899FDC /* Queue.hpp */,
				7A239B9C22149CB00058E89C /* Stack.hpp */,
			);
			path = Linear;
			sourceTree = "<group>";
		};
		7A6E31C2221C8F0100848516 /* Resources */ = {
			isa = PBXGroup;
			children = (
				7ADEE4AF2212004B00899FDC /* music.csv */,
				7ADEE4AB2211F82800899FDC /* crime.csv */,
				7A41CACF220CC92300488087 /* Music.cpp */,
				7A41CACE220CC91900488087 /* Music.hpp */,
				7A41CACD220CC89D00488087 /* CrimeData.hpp */,
				7A41CACB220CC88D00488087 /* CrimeData.cpp */,
			);
			path = Resources;
			sourceTree = "<group>";
		};
		7AE1CB4A220A15FB007A26ED /* Tools */ = {
			isa = PBXGroup;
			children = (
				7AE1CB47220A15EA007A26ED /* Timer.cpp */,
				7AE1CB48220A15EA007A26ED /* Timer.hpp */,
			);
			path = Tools;
			sourceTree = "<group>";
		};
		7AFCE1D2222DC3390046BA8C /* Non-Linear */ = {
			isa = PBXGroup;
			children = (
				7AFCE1D3222DC3D50046BA8C /* Graph.hpp */,
			);
			path = "Non-Linear";
			sourceTree = "<group>";
		};
/* End PBXGroup section */

/* Begin PBXNativeTarget section */
		7A0775302202257E00E1EDBF /* NodeThingy */ = {
			isa = PBXNativeTarget;
			buildConfigurationList = 7A0775382202257E00E1EDBF /* Build configuration list for PBXNativeTarget "NodeThingy" */;
			buildPhases = (
				7A07752D2202257E00E1EDBF /* Sources */,
				7A07752E2202257E00E1EDBF /* Frameworks */,
				7A07752F2202257E00E1EDBF /* CopyFiles */,
			);
			buildRules = (
			);
			dependencies = (
			);
			name = NodeThingy;
			productName = NodeThingy;
			productReference = 7A0775312202257E00E1EDBF /* NodeThingy */;
			productType = "com.apple.product-type.tool";
		};
/* End PBXNativeTarget section */

/* Begin PBXProject section */
		7A0775292202257E00E1EDBF /* Project object */ = {
			isa = PBXProject;
			attributes = {
				LastUpgradeCheck = 1000;
				ORGANIZATIONNAME = CTEC;
				TargetAttributes = {
					7A0775302202257E00E1EDBF = {
						CreatedOnToolsVersion = 10.0;
					};
				};
			};
			buildConfigurationList = 7A07752C2202257E00E1EDBF /* Build configuration list for PBXProject "NodeThingy" */;
			compatibilityVersion = "Xcode 9.3";
			developmentRegion = en;
			hasScannedForEncodings = 0;
			knownRegions = (
				en,
			);
			mainGroup = 7A0775282202257E00E1EDBF;
			productRefGroup = 7A0775322202257E00E1EDBF /* Products */;
			projectDirPath = "";
			projectRoot = "";
			targets = (
				7A0775302202257E00E1EDBF /* NodeThingy */,
			);
		};
/* End PBXProject section */

/* Begin PBXSourcesBuildPhase section */
		7A07752D2202257E00E1EDBF /* Sources */ = {
			isa = PBXSourcesBuildPhase;
			buildActionMask = 2147483647;
			files = (
				7AE1CB49220A15EA007A26ED /* Timer.cpp in Sources */,
				7A077541220225E400E1EDBF /* Controller.cpp in Sources */,
				7A41CACC220CC88D00488087 /* CrimeData.cpp in Sources */,
				7A41CAD0220CC92300488087 /* Music.cpp in Sources */,
				7A077543220225F300E1EDBF /* Runner.cpp in Sources */,
				7AE1CB53220A224D007A26ED /* FileController.cpp in Sources */,
				7A6E31C0221C8A0D00848516 /* LinearTester.cpp in Sources */,
			);
			runOnlyForDeploymentPostprocessing = 0;
		};
/* End PBXSourcesBuildPhase section */

/* Begin XCBuildConfiguration section */
		7A0775362202257E00E1EDBF /* Debug */ = {
			isa = XCBuildConfiguration;
			buildSettings = {
				ALWAYS_SEARCH_USER_PATHS = NO;
				CLANG_ANALYZER_NONNULL = YES;
				CLANG_ANALYZER_NUMBER_OBJECT_CONVERSION = YES_AGGRESSIVE;
				CLANG_CXX_LANGUAGE_STANDARD = "gnu++14";
				CLANG_CXX_LIBRARY = "libc++";
				CLANG_ENABLE_MODULES = YES;
				CLANG_ENABLE_OBJC_ARC = YES;
				CLANG_ENABLE_OBJC_WEAK = YES;
				CLANG_WARN_BLOCK_CAPTURE_AUTORELEASING = YES;
				CLANG_WARN_BOOL_CONVERSION = YES;
				CLANG_WARN_COMMA = YES;
				CLANG_WARN_CONSTANT_CONVERSION = YES;
				CLANG_WARN_DEPRECATED_OBJC_IMPLEMENTATIONS = YES;
				CLANG_WARN_DIRECT_OBJC_ISA_USAGE = YES_ERROR;
				CLANG_WARN_DOCUMENTATION_COMMENTS = YES;
				CLANG_WARN_EMPTY_BODY = YES;
				CLANG_WARN_ENUM_CONVERSION = YES;
				CLANG_WARN_INFINITE_RECURSION = YES;
				CLANG_WARN_INT_CONVERSION = YES;
				CLANG_WARN_NON_LITERAL_NULL_CONVERSION = YES;
				CLANG_WARN_OBJC_IMPLICIT_RETAIN_SELF = YES;
				CLANG_WARN_OBJC_LITERAL_CONVERSION = YES;
				CLANG_WARN_OBJC_ROOT_CLASS = YES_ERROR;
				CLANG_WARN_RANGE_LOOP_ANALYSIS = YES;
				CLANG_WARN_STRICT_PROTOTYPES = YES;
				CLANG_WARN_SUSPICIOUS_MOVE = YES;
				CLANG_WARN_UNGUARDED_AVAILABILITY = YES_AGGRESSIVE;
				CLANG_WARN_UNREACHABLE_CODE = YES;
				CLANG_WARN__DUPLICATE_METHOD_MATCH = YES;
				CODE_SIGN_IDENTITY = "-";
				COPY_PHASE_STRIP = NO;
				DEBUG_INFORMATION_FORMAT = dwarf;
				ENABLE_STRICT_OBJC_MSGSEND = YES;
				ENABLE_TESTABILITY = YES;
				GCC_C_LANGUAGE_STANDARD = gnu11;
				GCC_DYNAMIC_NO_PIC = NO;
				GCC_NO_COMMON_BLOCKS = YES;
				GCC_OPTIMIZATION_LEVEL = 0;
				GCC_PREPROCESSOR_DEFINITIONS = (
					"DEBUG=1",
					"$(inherited)",
				);
				GCC_WARN_64_TO_32_BIT_CONVERSION = YES;
				GCC_WARN_ABOUT_RETURN_TYPE = YES_ERROR;
				GCC_WARN_UNDECLARED_SELECTOR = YES;
				GCC_WARN_UNINITIALIZED_AUTOS = YES_AGGRESSIVE;
				GCC_WARN_UNUSED_FUNCTION = YES;
				GCC_WARN_UNUSED_VARIABLE = YES;
				MACOSX_DEPLOYMENT_TARGET = 10.13;
				MTL_ENABLE_DEBUG_INFO = INCLUDE_SOURCE;
				MTL_FAST_MATH = YES;
				ONLY_ACTIVE_ARCH = YES;
				SDKROOT = macosx;
			};
			name = Debug;
		};
		7A0775372202257E00E1EDBF /* Release */ = {
			isa = XCBuildConfiguration;
			buildSettings = {
				ALWAYS_SEARCH_USER_PATHS = NO;
				CLANG_ANALYZER_NONNULL = YES;
				CLANG_ANALYZER_NUMBER_OBJECT_CONVERSION = YES_AGGRESSIVE;
				CLANG_CXX_LANGUAGE_STANDARD = "gnu++14";
				CLANG_CXX_LIBRARY = "libc++";
				CLANG_ENABLE_MODULES = YES;
				CLANG_ENABLE_OBJC_ARC = YES;
				CLANG_ENABLE_OBJC_WEAK = YES;
				CLANG_WARN_BLOCK_CAPTURE_AUTORELEASING = YES;
				CLANG_WARN_BOOL_CONVERSION = YES;
				CLANG_WARN_COMMA = YES;
				CLANG_WARN_CONSTANT_CONVERSION = YES;
				CLANG_WARN_DEPRECATED_OBJC_IMPLEMENTATIONS = YES;
				CLANG_WARN_DIRECT_OBJC_ISA_USAGE = YES_ERROR;
				CLANG_WARN_DOCUMENTATION_COMMENTS = YES;
				CLANG_WARN_EMPTY_BODY = YES;
				CLANG_WARN_ENUM_CONVERSION = YES;
				CLANG_WARN_INFINITE_RECURSION = YES;
				CLANG_WARN_INT_CONVERSION = YES;
				CLANG_WARN_NON_LITERAL_NULL_CONVERSION = YES;
				CLANG_WARN_OBJC_IMPLICIT_RETAIN_SELF = YES;
				CLANG_WARN_OBJC_LITERAL_CONVERSION = YES;
				CLANG_WARN_OBJC_ROOT_CLASS = YES_ERROR;
				CLANG_WARN_RANGE_LOOP_ANALYSIS = YES;
				CLANG_WARN_STRICT_PROTOTYPES = YES;
				CLANG_WARN_SUSPICIOUS_MOVE = YES;
				CLANG_WARN_UNGUARDED_AVAILABILITY = YES_AGGRESSIVE;
				CLANG_WARN_UNREACHABLE_CODE = YES;
				CLANG_WARN__DUPLICATE_METHOD_MATCH = YES;
				CODE_SIGN_IDENTITY = "-";
				COPY_PHASE_STRIP = NO;
				DEBUG_INFORMATION_FORMAT = "dwarf-with-dsym";
				ENABLE_NS_ASSERTIONS = NO;
				ENABLE_STRICT_OBJC_MSGSEND = YES;
				GCC_C_LANGUAGE_STANDARD = gnu11;
				GCC_NO_COMMON_BLOCKS = YES;
				GCC_WARN_64_TO_32_BIT_CONVERSION = YES;
				GCC_WARN_ABOUT_RETURN_TYPE = YES_ERROR;
				GCC_WARN_UNDECLARED_SELECTOR = YES;
				GCC_WARN_UNINITIALIZED_AUTOS = YES_AGGRESSIVE;
				GCC_WARN_UNUSED_FUNCTION = YES;
				GCC_WARN_UNUSED_VARIABLE = YES;
				MACOSX_DEPLOYMENT_TARGET = 10.13;
				MTL_ENABLE_DEBUG_INFO = NO;
				MTL_FAST_MATH = YES;
				SDKROOT = macosx;
			};
			name = Release;
		};
		7A0775392202257E00E1EDBF /* Debug */ = {
			isa = XCBuildConfiguration;
			buildSettings = {
				CODE_SIGN_STYLE = Automatic;
				PRODUCT_NAME = "$(TARGET_NAME)";
			};
			name = Debug;
		};
		7A07753A2202257E00E1EDBF /* Release */ = {
			isa = XCBuildConfiguration;
			buildSettings = {
				CODE_SIGN_STYLE = Automatic;
				PRODUCT_NAME = "$(TARGET_NAME)";
			};
			name = Release;
		};
/* End XCBuildConfiguration section */

/* Begin XCConfigurationList section */
		7A07752C2202257E00E1EDBF /* Build configuration list for PBXProject "NodeThingy" */ = {
			isa = XCConfigurationList;
			buildConfigurations = (
				7A0775362202257E00E1EDBF /* Debug */,
				7A0775372202257E00E1EDBF /* Release */,
			);
			defaultConfigurationIsVisible = 0;
			defaultConfigurationName = Release;
		};
		7A0775382202257E00E1EDBF /* Build configuration list for PBXNativeTarget "NodeThingy" */ = {
			isa = XCConfigurationList;
			buildConfigurations = (
				7A0775392202257E00E1EDBF /* Debug */,
				7A07753A2202257E00E1EDBF /* Release */,
			);
			defaultConfigurationIsVisible = 0;
			defaultConfigurationName = Release;
		};
/* End XCConfigurationList section */
	};
	rootObject = 7A0775292202257E00E1EDBF /* Project object */;
}
